
Microsoft Visual Studio Solution File, Format Version 12.00
# Visual Studio Version 17
VisualStudioVersion = 17.7.34024.191
MinimumVisualStudioVersion = 10.0.40219.1
Project("{FAE04EC0-301F-11D3-BF4B-00C04F79EFBC}") = "BankAccount", "BankAccount\BankAccount.csproj", "{E87B1F0A-7536-4B13-8265-7EF0B397ECAD}"
EndProject
Global
	GlobalSection(SolutionConfigurationPlatforms) = preSolution
		Debug|Any CPU = Debug|Any CPU
		Release|Any CPU = Release|Any CPU
	EndGlobalSection
	GlobalSection(ProjectConfigurationPlatforms) = postSolution
		{E87B1F0A-7536-4B13-8265-7EF0B397ECAD}.Debug|Any CPU.ActiveCfg = Debug|Any CPU
		{E87B1F0A-7536-4B13-8265-7EF0B397ECAD}.Debug|Any CPU.Build.0 = Debug|Any CPU
		{E87B1F0A-7536-4B13-8265-7EF0B397ECAD}.Release|Any CPU.ActiveCfg = Release|Any CPU
		{E87B1F0A-7536-4B13-8265-7EF0B397ECAD}.Release|Any CPU.Build.0 = Release|Any CPU
	EndGlobalSection
	GlobalSection(SolutionProperties) = preSolution
		HideSolutionNode = FALSE
	EndGlobalSection
	GlobalSection(ExtensibilityGlobals) = postSolution
		SolutionGuid = {714F194E-F48A-4407-8A01-74CE3DE8AB7B}
	EndGlobalSection
EndGlobal
